
Microsoft Visual Studio Solution File, Format Version 12.00
# Visual Studio 15
VisualStudioVersion = 15.0.27004.2009
MinimumVisualStudioVersion = 10.0.40219.1
Project("{FAE04EC0-301F-11D3-BF4B-00C04F79EFBC}") = "CoffeeDOS", "CoffeeDOS\CoffeeDOS.csproj", "{4463970E-8759-4421-B561-02F456525DC2}"
EndProject
Global
	GlobalSection(SolutionConfigurationPlatforms) = preSolution
		Debug|Any CPU = Debug|Any CPU
		Release|Any CPU = Release|Any CPU
	EndGlobalSection
	GlobalSection(ProjectConfigurationPlatforms) = postSolution
		{4463970E-8759-4421-B561-02F456525DC2}.Debug|Any CPU.ActiveCfg = Debug|Any CPU
		{4463970E-8759-4421-B561-02F456525DC2}.Debug|Any CPU.Build.0 = Debug|Any CPU
		{4463970E-8759-4421-B561-02F456525DC2}.Release|Any CPU.ActiveCfg = Release|Any CPU
		{4463970E-8759-4421-B561-02F456525DC2}.Release|Any CPU.Build.0 = Release|Any CPU
	EndGlobalSection
	GlobalSection(SolutionProperties) = preSolution
		HideSolutionNode = FALSE
	EndGlobalSection
	GlobalSection(ExtensibilityGlobals) = postSolution
		SolutionGuid = {67DA017E-3A8D-43D7-9B9C-D227DA33E208}
	EndGlobalSection
EndGlobal
